
Microsoft Visual Studio Solution File, Format Version 12.00
# Visual Studio 15
VisualStudioVersion = 15.0.27703.2018
MinimumVisualStudioVersion = 10.0.40219.1
Project("{FAE04EC0-301F-11D3-BF4B-00C04F79EFBC}") = "App7.Android", "App7\App7.Android\App7.Android.csproj", "{8903FC24-7251-4FE0-96A3-75CA485589AD}"
EndProject
Project("{FAE04EC0-301F-11D3-BF4B-00C04F79EFBC}") = "App7.iOS", "App7\App7.iOS\App7.iOS.csproj", "{06FD4508-E2AE-4E52-A8B1-BF06D361B0AF}"
EndProject
Project("{9A19103F-16F7-4668-BE54-9A1E7A4F7556}") = "App7", "App7\App7\App7.csproj", "{C0A87952-77DC-4D31-ADAD-08B33520EC4F}"
EndProject
Project("{FAE04EC0-301F-11D3-BF4B-00C04F79EFBC}") = "App7Domain", "App7Domain\App7Domain.csproj", "{3B0C7B42-023E-42B0-8F1B-CA643C9D3E3C}"
EndProject
Project("{FAE04EC0-301F-11D3-BF4B-00C04F79EFBC}") = "App7.Backend", "App7.Backend\App7.Backend.csproj", "{02A0A020-9F2E-4D37-8517-73369CC9832A}"
EndProject
Project("{FAE04EC0-301F-11D3-BF4B-00C04F79EFBC}") = "App7.API", "App7.API\App7.API.csproj", "{44128A73-D71A-4056-891D-15A204FAC525}"
EndProject
Global
	GlobalSection(SolutionConfigurationPlatforms) = preSolution
		Ad-Hoc|Any CPU = Ad-Hoc|Any CPU
		Ad-Hoc|iPhone = Ad-Hoc|iPhone
		Ad-Hoc|iPhoneSimulator = Ad-Hoc|iPhoneSimulator
		AppStore|Any CPU = AppStore|Any CPU
		AppStore|iPhone = AppStore|iPhone
		AppStore|iPhoneSimulator = AppStore|iPhoneSimulator
		Debug|Any CPU = Debug|Any CPU
		Debug|iPhone = Debug|iPhone
		Debug|iPhoneSimulator = Debug|iPhoneSimulator
		Release|Any CPU = Release|Any CPU
		Release|iPhone = Release|iPhone
		Release|iPhoneSimulator = Release|iPhoneSimulator
	EndGlobalSection
	GlobalSection(ProjectConfigurationPlatforms) = postSolution
		{8903FC24-7251-4FE0-96A3-75CA485589AD}.Ad-Hoc|Any CPU.ActiveCfg = Release|Any CPU
		{8903FC24-7251-4FE0-96A3-75CA485589AD}.Ad-Hoc|Any CPU.Build.0 = Release|Any CPU
		{8903FC24-7251-4FE0-96A3-75CA485589AD}.Ad-Hoc|Any CPU.Deploy.0 = Release|Any CPU
		{8903FC24-7251-4FE0-96A3-75CA485589AD}.Ad-Hoc|iPhone.ActiveCfg = Release|Any CPU
		{8903FC24-7251-4FE0-96A3-75CA485589AD}.Ad-Hoc|iPhone.Build.0 = Release|Any CPU
		{8903FC24-7251-4FE0-96A3-75CA485589AD}.Ad-Hoc|iPhone.Deploy.0 = Release|Any CPU
		{8903FC24-7251-4FE0-96A3-75CA485589AD}.Ad-Hoc|iPhoneSimulator.ActiveCfg = Release|Any CPU
		{8903FC24-7251-4FE0-96A3-75CA485589AD}.Ad-Hoc|iPhoneSimulator.Build.0 = Release|Any CPU
		{8903FC24-7251-4FE0-96A3-75CA485589AD}.Ad-Hoc|iPhoneSimulator.Deploy.0 = Release|Any CPU
		{8903FC24-7251-4FE0-96A3-75CA485589AD}.AppStore|Any CPU.ActiveCfg = Release|Any CPU
		{8903FC24-7251-4FE0-96A3-75CA485589AD}.AppStore|Any CPU.Build.0 = Release|Any CPU
		{8903FC24-7251-4FE0-96A3-75CA485589AD}.AppStore|Any CPU.Deploy.0 = Release|Any CPU
		{8903FC24-7251-4FE0-96A3-75CA485589AD}.AppStore|iPhone.ActiveCfg = Release|Any CPU
		{8903FC24-7251-4FE0-96A3-75CA485589AD}.AppStore|iPhone.Build.0 = Release|Any CPU
		{8903FC24-7251-4FE0-96A3-75CA485589AD}.AppStore|iPhone.Deploy.0 = Release|Any CPU
		{8903FC24-7251-4FE0-96A3-75CA485589AD}.AppStore|iPhoneSimulator.ActiveCfg = Release|Any CPU
		{8903FC24-7251-4FE0-96A3-75CA485589AD}.AppStore|iPhoneSimulator.Build.0 = Release|Any CPU
		{8903FC24-7251-4FE0-96A3-75CA485589AD}.AppStore|iPhoneSimulator.Deploy.0 = Release|Any CPU
		{8903FC24-7251-4FE0-96A3-75CA485589AD}.Debug|Any CPU.ActiveCfg = Debug|Any CPU
		{8903FC24-7251-4FE0-96A3-75CA485589AD}.Debug|Any CPU.Build.0 = Debug|Any CPU
		{8903FC24-7251-4FE0-96A3-75CA485589AD}.Debug|Any CPU.Deploy.0 = Debug|Any CPU
		{8903FC24-7251-4FE0-96A3-75CA485589AD}.Debug|iPhone.ActiveCfg = Debug|Any CPU
		{8903FC24-7251-4FE0-96A3-75CA485589AD}.Debug|iPhone.Build.0 = Debug|Any CPU
		{8903FC24-7251-4FE0-96A3-75CA485589AD}.Debug|iPhone.Deploy.0 = Debug|Any CPU
		{8903FC24-7251-4FE0-96A3-75CA485589AD}.Debug|iPhoneSimulator.ActiveCfg = Debug|Any CPU
		{8903FC24-7251-4FE0-96A3-75CA485589AD}.Debug|iPhoneSimulator.Build.0 = Debug|Any CPU
		{8903FC24-7251-4FE0-96A3-75CA485589AD}.Debug|iPhoneSimulator.Deploy.0 = Debug|Any CPU
		{8903FC24-7251-4FE0-96A3-75CA485589AD}.Release|Any CPU.ActiveCfg = Release|Any CPU
		{8903FC24-7251-4FE0-96A3-75CA485589AD}.Release|Any CPU.Build.0 = Release|Any CPU
		{8903FC24-7251-4FE0-96A3-75CA485589AD}.Release|Any CPU.Deploy.0 = Release|Any CPU
		{8903FC24-7251-4FE0-96A3-75CA485589AD}.Release|iPhone.ActiveCfg = Release|Any CPU
		{8903FC24-7251-4FE0-96A3-75CA485589AD}.Release|iPhone.Build.0 = Release|Any CPU
		{8903FC24-7251-4FE0-96A3-75CA485589AD}.Release|iPhone.Deploy.0 = Release|Any CPU
		{8903FC24-7251-4FE0-96A3-75CA485589AD}.Release|iPhoneSimulator.ActiveCfg = Release|Any CPU
		{8903FC24-7251-4FE0-96A3-75CA485589AD}.Release|iPhoneSimulator.Build.0 = Release|Any CPU
		{8903FC24-7251-4FE0-96A3-75CA485589AD}.Release|iPhoneSimulator.Deploy.0 = Release|Any CPU
		{06FD4508-E2AE-4E52-A8B1-BF06D361B0AF}.Ad-Hoc|Any CPU.ActiveCfg = Ad-Hoc|iPhone
		{06FD4508-E2AE-4E52-A8B1-BF06D361B0AF}.Ad-Hoc|Any CPU.Build.0 = Ad-Hoc|iPhone
		{06FD4508-E2AE-4E52-A8B1-BF06D361B0AF}.Ad-Hoc|Any CPU.Deploy.0 = Ad-Hoc|iPhone
		{06FD4508-E2AE-4E52-A8B1-BF06D361B0AF}.Ad-Hoc|iPhone.ActiveCfg = Ad-Hoc|iPhone
		{06FD4508-E2AE-4E52-A8B1-BF06D361B0AF}.Ad-Hoc|iPhone.Build.0 = Ad-Hoc|iPhone
		{06FD4508-E2AE-4E52-A8B1-BF06D361B0AF}.Ad-Hoc|iPhone.Deploy.0 = Ad-Hoc|iPhone
		{06FD4508-E2AE-4E52-A8B1-BF06D361B0AF}.Ad-Hoc|iPhoneSimulator.ActiveCfg = Ad-Hoc|iPhoneSimulator
		{06FD4508-E2AE-4E52-A8B1-BF06D361B0AF}.Ad-Hoc|iPhoneSimulator.Build.0 = Ad-Hoc|iPhoneSimulator
		{06FD4508-E2AE-4E52-A8B1-BF06D361B0AF}.Ad-Hoc|iPhoneSimulator.Deploy.0 = Ad-Hoc|iPhoneSimulator
		{06FD4508-E2AE-4E52-A8B1-BF06D361B0AF}.AppStore|Any CPU.ActiveCfg = AppStore|iPhone
		{06FD4508-E2AE-4E52-A8B1-BF06D361B0AF}.AppStore|Any CPU.Build.0 = AppStore|iPhone
		{06FD4508-E2AE-4E52-A8B1-BF06D361B0AF}.AppStore|Any CPU.Deploy.0 = AppStore|iPhone
		{06FD4508-E2AE-4E52-A8B1-BF06D361B0AF}.AppStore|iPhone.ActiveCfg = AppStore|iPhone
		{06FD4508-E2AE-4E52-A8B1-BF06D361B0AF}.AppStore|iPhone.Build.0 = AppStore|iPhone
		{06FD4508-E2AE-4E52-A8B1-BF06D361B0AF}.AppStore|iPhone.Deploy.0 = AppStore|iPhone
		{06FD4508-E2AE-4E52-A8B1-BF06D361B0AF}.AppStore|iPhoneSimulator.ActiveCfg = AppStore|iPhoneSimulator
		{06FD4508-E2AE-4E52-A8B1-BF06D361B0AF}.AppStore|iPhoneSimulator.Build.0 = AppStore|iPhoneSimulator
		{06FD4508-E2AE-4E52-A8B1-BF06D361B0AF}.AppStore|iPhoneSimulator.Deploy.0 = AppStore|iPhoneSimulator
		{06FD4508-E2AE-4E52-A8B1-BF06D361B0AF}.Debug|Any CPU.ActiveCfg = Debug|iPhoneSimulator
		{06FD4508-E2AE-4E52-A8B1-BF06D361B0AF}.Debug|Any CPU.Build.0 = Debug|iPhoneSimulator
		{06FD4508-E2AE-4E52-A8B1-BF06D361B0AF}.Debug|Any CPU.Deploy.0 = Debug|iPhoneSimulator
		{06FD4508-E2AE-4E52-A8B1-BF06D361B0AF}.Debug|iPhone.ActiveCfg = Debug|iPhone
		{06FD4508-E2AE-4E52-A8B1-BF06D361B0AF}.Debug|iPhone.Build.0 = Debug|iPhone
		{06FD4508-E2AE-4E52-A8B1-BF06D361B0AF}.Debug|iPhone.Deploy.0 = Debug|iPhone
		{06FD4508-E2AE-4E52-A8B1-BF06D361B0AF}.Debug|iPhoneSimulator.ActiveCfg = Debug|iPhoneSimulator
		{06FD4508-E2AE-4E52-A8B1-BF06D361B0AF}.Debug|iPhoneSimulator.Build.0 = Debug|iPhoneSimulator
		{06FD4508-E2AE-4E52-A8B1-BF06D361B0AF}.Debug|iPhoneSimulator.Deploy.0 = Debug|iPhoneSimulator
		{06FD4508-E2AE-4E52-A8B1-BF06D361B0AF}.Release|Any CPU.ActiveCfg = Release|iPhone
		{06FD4508-E2AE-4E52-A8B1-BF06D361B0AF}.Release|Any CPU.Build.0 = Release|iPhone
		{06FD4508-E2AE-4E52-A8B1-BF06D361B0AF}.Release|Any CPU.Deploy.0 = Release|iPhone
		{06FD4508-E2AE-4E52-A8B1-BF06D361B0AF}.Release|iPhone.ActiveCfg = Release|iPhone
		{06FD4508-E2AE-4E52-A8B1-BF06D361B0AF}.Release|iPhone.Build.0 = Release|iPhone
		{06FD4508-E2AE-4E52-A8B1-BF06D361B0AF}.Release|iPhone.Deploy.0 = Release|iPhone
		{06FD4508-E2AE-4E52-A8B1-BF06D361B0AF}.Release|iPhoneSimulator.ActiveCfg = Release|iPhoneSimulator
		{06FD4508-E2AE-4E52-A8B1-BF06D361B0AF}.Release|iPhoneSimulator.Build.0 = Release|iPhoneSimulator
		{06FD4508-E2AE-4E52-A8B1-BF06D361B0AF}.Release|iPhoneSimulator.Deploy.0 = Release|iPhoneSimulator
		{C0A87952-77DC-4D31-ADAD-08B33520EC4F}.Ad-Hoc|Any CPU.ActiveCfg = Debug|Any CPU
		{C0A87952-77DC-4D31-ADAD-08B33520EC4F}.Ad-Hoc|Any CPU.Build.0 = Debug|Any CPU
		{C0A87952-77DC-4D31-ADAD-08B33520EC4F}.Ad-Hoc|Any CPU.Deploy.0 = Debug|Any CPU
		{C0A87952-77DC-4D31-ADAD-08B33520EC4F}.Ad-Hoc|iPhone.ActiveCfg = Debug|Any CPU
		{C0A87952-77DC-4D31-ADAD-08B33520EC4F}.Ad-Hoc|iPhone.Build.0 = Debug|Any CPU
		{C0A87952-77DC-4D31-ADAD-08B33520EC4F}.Ad-Hoc|iPhone.Deploy.0 = Debug|Any CPU
		{C0A87952-77DC-4D31-ADAD-08B33520EC4F}.Ad-Hoc|iPhoneSimulator.ActiveCfg = Debug|Any CPU
		{C0A87952-77DC-4D31-ADAD-08B33520EC4F}.Ad-Hoc|iPhoneSimulator.Build.0 = Debug|Any CPU
		{C0A87952-77DC-4D31-ADAD-08B33520EC4F}.Ad-Hoc|iPhoneSimulator.Deploy.0 = Debug|Any CPU
		{C0A87952-77DC-4D31-ADAD-08B33520EC4F}.AppStore|Any CPU.ActiveCfg = Debug|Any CPU
		{C0A87952-77DC-4D31-ADAD-08B33520EC4F}.AppStore|Any CPU.Build.0 = Debug|Any CPU
		{C0A87952-77DC-4D31-ADAD-08B33520EC4F}.AppStore|Any CPU.Deploy.0 = Debug|Any CPU
		{C0A87952-77DC-4D31-ADAD-08B33520EC4F}.AppStore|iPhone.ActiveCfg = Debug|Any CPU
		{C0A87952-77DC-4D31-ADAD-08B33520EC4F}.AppStore|iPhone.Build.0 = Debug|Any CPU
		{C0A87952-77DC-4D31-ADAD-08B33520EC4F}.AppStore|iPhone.Deploy.0 = Debug|Any CPU
		{C0A87952-77DC-4D31-ADAD-08B33520EC4F}.AppStore|iPhoneSimulator.ActiveCfg = Debug|Any CPU
		{C0A87952-77DC-4D31-ADAD-08B33520EC4F}.AppStore|iPhoneSimulator.Build.0 = Debug|Any CPU
		{C0A87952-77DC-4D31-ADAD-08B33520EC4F}.AppStore|iPhoneSimulator.Deploy.0 = Debug|Any CPU
		{C0A87952-77DC-4D31-ADAD-08B33520EC4F}.Debug|Any CPU.ActiveCfg = Debug|Any CPU
		{C0A87952-77DC-4D31-ADAD-08B33520EC4F}.Debug|Any CPU.Build.0 = Debug|Any CPU
		{C0A87952-77DC-4D31-ADAD-08B33520EC4F}.Debug|Any CPU.Deploy.0 = Debug|Any CPU
		{C0A87952-77DC-4D31-ADAD-08B33520EC4F}.Debug|iPhone.ActiveCfg = Debug|Any CPU
		{C0A87952-77DC-4D31-ADAD-08B33520EC4F}.Debug|iPhone.Build.0 = Debug|Any CPU
		{C0A87952-77DC-4D31-ADAD-08B33520EC4F}.Debug|iPhone.Deploy.0 = Debug|Any CPU
		{C0A87952-77DC-4D31-ADAD-08B33520EC4F}.Debug|iPhoneSimulator.ActiveCfg = Debug|Any CPU
		{C0A87952-77DC-4D31-ADAD-08B33520EC4F}.Debug|iPhoneSimulator.Build.0 = Debug|Any CPU
		{C0A87952-77DC-4D31-ADAD-08B33520EC4F}.Debug|iPhoneSimulator.Deploy.0 = Debug|Any CPU
		{C0A87952-77DC-4D31-ADAD-08B33520EC4F}.Release|Any CPU.ActiveCfg = Release|Any CPU
		{C0A87952-77DC-4D31-ADAD-08B33520EC4F}.Release|Any CPU.Build.0 = Release|Any CPU
		{C0A87952-77DC-4D31-ADAD-08B33520EC4F}.Release|Any CPU.Deploy.0 = Release|Any CPU
		{C0A87952-77DC-4D31-ADAD-08B33520EC4F}.Release|iPhone.ActiveCfg = Release|Any CPU
		{C0A87952-77DC-4D31-ADAD-08B33520EC4F}.Release|iPhone.Build.0 = Release|Any CPU
		{C0A87952-77DC-4D31-ADAD-08B33520EC4F}.Release|iPhone.Deploy.0 = Release|Any CPU
		{C0A87952-77DC-4D31-ADAD-08B33520EC4F}.Release|iPhoneSimulator.ActiveCfg = Release|Any CPU
		{C0A87952-77DC-4D31-ADAD-08B33520EC4F}.Release|iPhoneSimulator.Build.0 = Release|Any CPU
		{C0A87952-77DC-4D31-ADAD-08B33520EC4F}.Release|iPhoneSimulator.Deploy.0 = Release|Any CPU
		{3B0C7B42-023E-42B0-8F1B-CA643C9D3E3C}.Ad-Hoc|Any CPU.ActiveCfg = Debug|Any CPU
		{3B0C7B42-023E-42B0-8F1B-CA643C9D3E3C}.Ad-Hoc|Any CPU.Build.0 = Debug|Any CPU
		{3B0C7B42-023E-42B0-8F1B-CA643C9D3E3C}.Ad-Hoc|iPhone.ActiveCfg = Debug|Any CPU
		{3B0C7B42-023E-42B0-8F1B-CA643C9D3E3C}.Ad-Hoc|iPhone.Build.0 = Debug|Any CPU
		{3B0C7B42-023E-42B0-8F1B-CA643C9D3E3C}.Ad-Hoc|iPhoneSimulator.ActiveCfg = Debug|Any CPU
		{3B0C7B42-023E-42B0-8F1B-CA643C9D3E3C}.Ad-Hoc|iPhoneSimulator.Build.0 = Debug|Any CPU
		{3B0C7B42-023E-42B0-8F1B-CA643C9D3E3C}.AppStore|Any CPU.ActiveCfg = Debug|Any CPU
		{3B0C7B42-023E-42B0-8F1B-CA643C9D3E3C}.AppStore|Any CPU.Build.0 = Debug|Any CPU
		{3B0C7B42-023E-42B0-8F1B-CA643C9D3E3C}.AppStore|iPhone.ActiveCfg = Debug|Any CPU
		{3B0C7B42-023E-42B0-8F1B-CA643C9D3E3C}.AppStore|iPhone.Build.0 = Debug|Any CPU
		{3B0C7B42-023E-42B0-8F1B-CA643C9D3E3C}.AppStore|iPhoneSimulator.ActiveCfg = Debug|Any CPU
		{3B0C7B42-023E-42B0-8F1B-CA643C9D3E3C}.AppStore|iPhoneSimulator.Build.0 = Debug|Any CPU
		{3B0C7B42-023E-42B0-8F1B-CA643C9D3E3C}.Debug|Any CPU.ActiveCfg = Debug|Any CPU
		{3B0C7B42-023E-42B0-8F1B-CA643C9D3E3C}.Debug|Any CPU.Build.0 = Debug|Any CPU
		{3B0C7B42-023E-42B0-8F1B-CA643C9D3E3C}.Debug|iPhone.ActiveCfg = Debug|Any CPU
		{3B0C7B42-023E-42B0-8F1B-CA643C9D3E3C}.Debug|iPhone.Build.0 = Debug|Any CPU
		{3B0C7B42-023E-42B0-8F1B-CA643C9D3E3C}.Debug|iPhoneSimulator.ActiveCfg = Debug|Any CPU
		{3B0C7B42-023E-42B0-8F1B-CA643C9D3E3C}.Debug|iPhoneSimulator.Build.0 = Debug|Any CPU
		{3B0C7B42-023E-42B0-8F1B-CA643C9D3E3C}.Release|Any CPU.ActiveCfg = Release|Any CPU
		{3B0C7B42-023E-42B0-8F1B-CA643C9D3E3C}.Release|Any CPU.Build.0 = Release|Any CPU
		{3B0C7B42-023E-42B0-8F1B-CA643C9D3E3C}.Release|iPhone.ActiveCfg = Release|Any CPU
		{3B0C7B42-023E-42B0-8F1B-CA643C9D3E3C}.Release|iPhone.Build.0 = Release|Any CPU
		{3B0C7B42-023E-42B0-8F1B-CA643C9D3E3C}.Release|iPhoneSimulator.ActiveCfg = Release|Any CPU
		{3B0C7B42-023E-42B0-8F1B-CA643C9D3E3C}.Release|iPhoneSimulator.Build.0 = Release|Any CPU
		{02A0A020-9F2E-4D37-8517-73369CC9832A}.Ad-Hoc|Any CPU.ActiveCfg = Release|Any CPU
		{02A0A020-9F2E-4D37-8517-73369CC9832A}.Ad-Hoc|Any CPU.Build.0 = Release|Any CPU
		{02A0A020-9F2E-4D37-8517-73369CC9832A}.Ad-Hoc|iPhone.ActiveCfg = Release|Any CPU
		{02A0A020-9F2E-4D37-8517-73369CC9832A}.Ad-Hoc|iPhone.Build.0 = Release|Any CPU
		{02A0A020-9F2E-4D37-8517-73369CC9832A}.Ad-Hoc|iPhoneSimulator.ActiveCfg = Release|Any CPU
		{02A0A020-9F2E-4D37-8517-73369CC9832A}.Ad-Hoc|iPhoneSimulator.Build.0 = Release|Any CPU
		{02A0A020-9F2E-4D37-8517-73369CC9832A}.AppStore|Any CPU.ActiveCfg = Release|Any CPU
		{02A0A020-9F2E-4D37-8517-73369CC9832A}.AppStore|Any CPU.Build.0 = Release|Any CPU
		{02A0A020-9F2E-4D37-8517-73369CC9832A}.AppStore|iPhone.ActiveCfg = Release|Any CPU
		{02A0A020-9F2E-4D37-8517-73369CC9832A}.AppStore|iPhone.Build.0 = Release|Any CPU
		{02A0A020-9F2E-4D37-8517-73369CC9832A}.AppStore|iPhoneSimulator.ActiveCfg = Release|Any CPU
		{02A0A020-9F2E-4D37-8517-73369CC9832A}.AppStore|iPhoneSimulator.Build.0 = Release|Any CPU
		{02A0A020-9F2E-4D37-8517-73369CC9832A}.Debug|Any CPU.ActiveCfg = Debug|Any CPU
		{02A0A020-9F2E-4D37-8517-73369CC9832A}.Debug|Any CPU.Build.0 = Debug|Any CPU
		{02A0A020-9F2E-4D37-8517-73369CC9832A}.Debug|iPhone.ActiveCfg = Debug|Any CPU
		{02A0A020-9F2E-4D37-8517-73369CC9832A}.Debug|iPhone.Build.0 = Debug|Any CPU
		{02A0A020-9F2E-4D37-8517-73369CC9832A}.Debug|iPhoneSimulator.ActiveCfg = Debug|Any CPU
		{02A0A020-9F2E-4D37-8517-73369CC9832A}.Debug|iPhoneSimulator.Build.0 = Debug|Any CPU
		{02A0A020-9F2E-4D37-8517-73369CC9832A}.Release|Any CPU.ActiveCfg = Release|Any CPU
		{02A0A020-9F2E-4D37-8517-73369CC9832A}.Release|Any CPU.Build.0 = Release|Any CPU
		{02A0A020-9F2E-4D37-8517-73369CC9832A}.Release|iPhone.ActiveCfg = Release|Any CPU
		{02A0A020-9F2E-4D37-8517-73369CC9832A}.Release|iPhone.Build.0 = Release|Any CPU
		{02A0A020-9F2E-4D37-8517-73369CC9832A}.Release|iPhoneSimulator.ActiveCfg = Release|Any CPU
		{02A0A020-9F2E-4D37-8517-73369CC9832A}.Release|iPhoneSimulator.Build.0 = Release|Any CPU
		{44128A73-D71A-4056-891D-15A204FAC525}.Ad-Hoc|Any CPU.ActiveCfg = Release|Any CPU
		{44128A73-D71A-4056-891D-15A204FAC525}.Ad-Hoc|Any CPU.Build.0 = Release|Any CPU
		{44128A73-D71A-4056-891D-15A204FAC525}.Ad-Hoc|iPhone.ActiveCfg = Release|Any CPU
		{44128A73-D71A-4056-891D-15A204FAC525}.Ad-Hoc|iPhone.Build.0 = Release|Any CPU
		{44128A73-D71A-4056-891D-15A204FAC525}.Ad-Hoc|iPhoneSimulator.ActiveCfg = Release|Any CPU
		{44128A73-D71A-4056-891D-15A204FAC525}.Ad-Hoc|iPhoneSimulator.Build.0 = Release|Any CPU
		{44128A73-D71A-4056-891D-15A204FAC525}.AppStore|Any CPU.ActiveCfg = Release|Any CPU
		{44128A73-D71A-4056-891D-15A204FAC525}.AppStore|Any CPU.Build.0 = Release|Any CPU
		{44128A73-D71A-4056-891D-15A204FAC525}.AppStore|iPhone.ActiveCfg = Release|Any CPU
		{44128A73-D71A-4056-891D-15A204FAC525}.AppStore|iPhone.Build.0 = Release|Any CPU
		{44128A73-D71A-4056-891D-15A204FAC525}.AppStore|iPhoneSimulator.ActiveCfg = Release|Any CPU
		{44128A73-D71A-4056-891D-15A204FAC525}.AppStore|iPhoneSimulator.Build.0 = Release|Any CPU
		{44128A73-D71A-4056-891D-15A204FAC525}.Debug|Any CPU.ActiveCfg = Debug|Any CPU
		{44128A73-D71A-4056-891D-15A204FAC525}.Debug|Any CPU.Build.0 = Debug|Any CPU
		{44128A73-D71A-4056-891D-15A204FAC525}.Debug|iPhone.ActiveCfg = Debug|Any CPU
		{44128A73-D71A-4056-891D-15A204FAC525}.Debug|iPhone.Build.0 = Debug|Any CPU
		{44128A73-D71A-4056-891D-15A204FAC525}.Debug|iPhoneSimulator.ActiveCfg = Debug|Any CPU
		{44128A73-D71A-4056-891D-15A204FAC525}.Debug|iPhoneSimulator.Build.0 = Debug|Any CPU
		{44128A73-D71A-4056-891D-15A204FAC525}.Release|Any CPU.ActiveCfg = Release|Any CPU
		{44128A73-D71A-4056-891D-15A204FAC525}.Release|Any CPU.Build.0 = Release|Any CPU
		{44128A73-D71A-4056-891D-15A204FAC525}.Release|iPhone.ActiveCfg = Release|Any CPU
		{44128A73-D71A-4056-891D-15A204FAC525}.Release|iPhone.Build.0 = Release|Any CPU
		{44128A73-D71A-4056-891D-15A204FAC525}.Release|iPhoneSimulator.ActiveCfg = Release|Any CPU
		{44128A73-D71A-4056-891D-15A204FAC525}.Release|iPhoneSimulator.Build.0 = Release|Any CPU
	EndGlobalSection
	GlobalSection(SolutionProperties) = preSolution
		HideSolutionNode = FALSE
	EndGlobalSection
	GlobalSection(ExtensibilityGlobals) = postSolution
		SolutionGuid = {A8A85914-F946-41BA-85A0-6539902DF251}
	EndGlobalSection
EndGlobal
